<?xml version="1.0" encoding="utf-8"?>
<Project ToolsVersion="4.0" xmlns="http://schemas.microsoft.com/developer/msbuild/2003">
  <ItemGroup>
    <Filter Include="99.Header">
      <UniqueIdentifier>{27a4b60c-2936-44ba-a483-6cda39601e9d}</UniqueIdentifier>
    </Filter>
    <Filter Include="00.System">
      <UniqueIdentifier>{e9687ef1-840a-43c5-9d6f-9240100c6635}</UniqueIdentifier>
    </Filter>
    <Filter Include="00.System\01.Timer">
      <UniqueIdentifier>{59f0d8ce-d282-4de3-8a79-d28f380e70fd}</UniqueIdentifier>
    </Filter>
    <Filter Include="00.System\02.Frame">
      <UniqueIdentifier>{6cfc3cd7-b856-427a-8588-c5467aa5bc53}</UniqueIdentifier>
    </Filter>
    <Filter Include="00.System\03.Font">
      <UniqueIdentifier>{39d6bcd8-e4ce-406b-9f83-cf5404180f7d}</UniqueIdentifier>
    </Filter>
    <Filter Include="00.System\04.DirectInput">
      <UniqueIdentifier>{d787cd32-3025-4126-afa6-ee3445effca3}</UniqueIdentifier>
    </Filter>
    <Filter Include="00.System\05.DirectSound">
      <UniqueIdentifier>{2d949b41-b890-4c7d-9605-44f008804e85}</UniqueIdentifier>
    </Filter>
    <Filter Include="01.Utility">
      <UniqueIdentifier>{25d15806-6753-4698-8252-0d259d186107}</UniqueIdentifier>
    </Filter>
    <Filter Include="00.System\00.GraphicDevice">
      <UniqueIdentifier>{63498eec-442d-4828-97f4-b35fe4d7f73e}</UniqueIdentifier>
    </Filter>
    <Filter Include="01.Utility\00.Management">
      <UniqueIdentifier>{3af95890-89fd-4754-b51d-1598ed115dc3}</UniqueIdentifier>
    </Filter>
    <Filter Include="01.Utility\01.Renderer">
      <UniqueIdentifier>{c4f09e6e-bfaf-44b5-bd1e-1a0fa586e987}</UniqueIdentifier>
    </Filter>
    <Filter Include="01.Utility\02.SuperClass">
      <UniqueIdentifier>{8c53826b-d37b-42d5-9442-cb6a22eb8a11}</UniqueIdentifier>
    </Filter>
    <Filter Include="01.Utility\02.SuperClass\00.Scene">
      <UniqueIdentifier>{73f22853-33a6-4206-a964-d6609d83bb80}</UniqueIdentifier>
    </Filter>
    <Filter Include="01.Utility\02.SuperClass\01.ObjectMgr">
      <UniqueIdentifier>{8ea3fbfb-05f9-471e-8a6d-a992df398391}</UniqueIdentifier>
    </Filter>
    <Filter Include="01.Utility\02.SuperClass\02.Layer">
      <UniqueIdentifier>{ccde5037-aeeb-4d79-bed0-9bbe0ead1970}</UniqueIdentifier>
    </Filter>
    <Filter Include="01.Utility\02.SuperClass\03.GameObject">
      <UniqueIdentifier>{844fb067-0493-4cd3-8a6e-cd6351d36b0b}</UniqueIdentifier>
    </Filter>
    <Filter Include="01.Utility\02.SuperClass\04.Component">
      <UniqueIdentifier>{8739d43f-a2fa-4003-b81b-b9b97989c024}</UniqueIdentifier>
    </Filter>
    <Filter Include="01.Utility\02.SuperClass\03.GameObject\Camera">
      <UniqueIdentifier>{39491b50-9171-478f-bbd9-cd30107ea05e}</UniqueIdentifier>
    </Filter>
    <Filter Include="98.SuperClass">
      <UniqueIdentifier>{a98cec93-288d-40fd-86a5-817872ac510a}</UniqueIdentifier>
    </Filter>
    <Filter Include="01.Utility\02.SuperClass\04.Component\01.Info">
      <UniqueIdentifier>{ff2f22a9-7aaf-44e5-a645-fbd8b39f16fa}</UniqueIdentifier>
    </Filter>
    <Filter Include="01.Utility\02.SuperClass\04.Component\00.Transform">
      <UniqueIdentifier>{bfc722dd-6a69-4fa1-ba0f-8a206d87e6e2}</UniqueIdentifier>
    </Filter>
    <Filter Include="97.Mgr">
      <UniqueIdentifier>{37799aed-be29-4cee-8d59-a49c737f5a54}</UniqueIdentifier>
    </Filter>
    <Filter Include="97.Mgr\01.MathMgr">
      <UniqueIdentifier>{12ba79eb-3f19-453e-a53b-bfefe320abdf}</UniqueIdentifier>
    </Filter>
    <Filter Include="01.Utility\02.SuperClass\04.Component\02.Resource">
      <UniqueIdentifier>{84853c63-f59c-4543-959f-240d1e1cc6ff}</UniqueIdentifier>
    </Filter>
    <Filter Include="01.Utility\02.SuperClass\04.Component\02.Resource\00.Buffer">
      <UniqueIdentifier>{4b038a91-5bc0-4235-b0cf-5cb34bf59bc4}</UniqueIdentifier>
    </Filter>
    <Filter Include="01.Utility\02.SuperClass\04.Component\02.Resource\00.Buffer\00.RcTex">
      <UniqueIdentifier>{cf31403f-662b-4d90-8d05-193ecf22fc04}</UniqueIdentifier>
    </Filter>
    <Filter Include="01.Utility\02.SuperClass\04.Component\02.Resource\00.Buffer\01.TerrainTex">
      <UniqueIdentifier>{f783f647-fb48-49d4-b8fa-24cb5194ecfc}</UniqueIdentifier>
    </Filter>
    <Filter Include="01.Utility\02.SuperClass\04.Component\02.Resource\00.Buffer\02.CubeTex">
      <UniqueIdentifier>{cd676057-26bf-45cc-9c4e-1af514e2c740}</UniqueIdentifier>
    </Filter>
    <Filter Include="01.Utility\02.SuperClass\04.Component\02.Resource\00.Buffer\03.ScreenTex">
      <UniqueIdentifier>{8e5e92b5-85ee-46fe-b9c1-a9f40cd070b1}</UniqueIdentifier>
    </Filter>
    <Filter Include="01.Utility\02.SuperClass\04.Component\02.Resource\01.Texture">
      <UniqueIdentifier>{e872ba81-fc89-4dcb-9be6-5b57b47e1e76}</UniqueIdentifier>
    </Filter>
    <Filter Include="01.Utility\02.SuperClass\04.Component\02.Resource\02.Mesh">
      <UniqueIdentifier>{6138650a-e956-4cdd-a1d7-5402f2177516}</UniqueIdentifier>
    </Filter>
    <Filter Include="01.Utility\02.SuperClass\04.Component\02.Resource\02.Mesh\00.AnimationControl">
      <UniqueIdentifier>{ae4c9109-7d0b-496f-81d6-3b80bf3675fd}</UniqueIdentifier>
    </Filter>
    <Filter Include="01.Utility\02.SuperClass\04.Component\02.Resource\02.Mesh\01.MeshComponent">
      <UniqueIdentifier>{fb7024d3-a453-46ea-b304-a6a0c5dec9b1}</UniqueIdentifier>
    </Filter>
    <Filter Include="01.Utility\02.SuperClass\04.Component\02.Resource\02.Mesh\99.Mesh">
      <UniqueIdentifier>{391ac4be-4465-41bc-b459-872ad4cf9a87}</UniqueIdentifier>
    </Filter>
    <Filter Include="01.Utility\02.SuperClass\04.Component\02.Resource\02.Mesh\02.NaviMesh">
      <UniqueIdentifier>{c084b9be-8e28-4c55-9aa7-4b3e4b2bc6b8}</UniqueIdentifier>
    </Filter>
    <Filter Include="01.Utility\02.SuperClass\04.Component\02.Resource\02.Mesh\02.NaviMesh\00.Cell">
      <UniqueIdentifier>{3567df90-eb88-43d3-aa13-ac15f81da57a}</UniqueIdentifier>
    </Filter>
    <Filter Include="01.Utility\02.SuperClass\04.Component\02.Resource\02.Mesh\02.NaviMesh\01.Line">
      <UniqueIdentifier>{ed5c886b-259d-4f98-a1a1-c2af8604e399}</UniqueIdentifier>
    </Filter>
    <Filter Include="01.Utility\02.SuperClass\04.Component\02.Resource\00.Buffer\04.Line">
      <UniqueIdentifier>{4d823142-3cf5-4b5d-8dbe-bdbd37beb47f}</UniqueIdentifier>
    </Filter>
    <Filter Include="01.Utility\03.RenderTarget">
      <UniqueIdentifier>{a6f88146-10db-4d89-82cd-1fa2655da762}</UniqueIdentifier>
    </Filter>
    <Filter Include="01.Utility\03.RenderTarget\Target">
      <UniqueIdentifier>{cfb58df5-5a2c-4272-9db0-547428096b75}</UniqueIdentifier>
    </Filter>
    <Filter Include="01.Utility\04.Light">
      <UniqueIdentifier>{4c8c6ba2-d8dd-46df-b403-65758dc8e721}</UniqueIdentifier>
    </Filter>
    <Filter Include="01.Utility\04.Light\Light">
      <UniqueIdentifier>{58a096d1-0d8d-4d2f-a143-f1929dcbf872}</UniqueIdentifier>
    </Filter>
    <Filter Include="01.Utility\04.Light\Manager">
      <UniqueIdentifier>{76e6aa38-31a1-47a6-9758-037ce0ce5163}</UniqueIdentifier>
    </Filter>
    <Filter Include="01.Utility\03.RenderTarget\LightTarget">
      <UniqueIdentifier>{8be8b19b-418b-495f-9717-b0fec5750e63}</UniqueIdentifier>
    </Filter>
    <Filter Include="01.Utility\05.Shader">
      <UniqueIdentifier>{25632ef7-3f05-4319-9771-036ac9cca6b5}</UniqueIdentifier>
    </Filter>
    <Filter Include="01.Utility\05.Shader\00.Shader_ColorBuffer">
      <UniqueIdentifier>{ec387493-e82b-409b-8aab-4896b9e9d296}</UniqueIdentifier>
    </Filter>
    <Filter Include="01.Utility\05.Shader\01.Shader_Default">
      <UniqueIdentifier>{501cf58f-257f-4537-b11b-692fdefa37a3}</UniqueIdentifier>
    </Filter>
    <Filter Include="01.Utility\05.Shader\01.Shader_Default\00.MeshShader">
      <UniqueIdentifier>{e9bf2008-be75-4086-893e-4effc3d2fe2a}</UniqueIdentifier>
    </Filter>
    <Filter Include="01.Utility\05.Shader\01.Shader_Default\01.RcTexShader">
      <UniqueIdentifier>{61350154-0d6a-454e-95a0-81e7cdddc074}</UniqueIdentifier>
    </Filter>
    <Filter Include="01.Utility\05.Shader\02.Shader_Dynamic">
      <UniqueIdentifier>{e2743817-9917-4051-87b7-f49d1d313e7a}</UniqueIdentifier>
    </Filter>
    <Filter Include="01.Utility\05.Shader\03.Shader_LightAcc">
      <UniqueIdentifier>{3168aa1b-0210-4ebf-ab49-520ca3da5f41}</UniqueIdentifier>
    </Filter>
    <Filter Include="01.Utility\05.Shader\04.Shader_Blend">
      <UniqueIdentifier>{978b2f33-566f-4d74-9107-afda9c9e61b0}</UniqueIdentifier>
    </Filter>
    <Filter Include="01.Utility\05.Shader\05.Shader_Terrain">
      <UniqueIdentifier>{40409bc8-9355-4d3e-a2d1-984d2007b274}</UniqueIdentifier>
    </Filter>
    <Filter Include="01.Utility\06.Frustom">
      <UniqueIdentifier>{3cf00645-bc7d-490c-93e4-b57739515f4d}</UniqueIdentifier>
    </Filter>
    <Filter Include="01.Utility\03.RenderTarget\ShadowDepthTarget">
      <UniqueIdentifier>{e0f2fa7b-d869-459c-bff3-c5a0d2b5bb21}</UniqueIdentifier>
    </Filter>
    <Filter Include="01.Utility\05.Shader\06.Shader_ShadowDepth">
      <UniqueIdentifier>{ffd77416-be1c-4b35-91f2-f1ed1cba344b}</UniqueIdentifier>
    </Filter>
    <Filter Include="01.Utility\05.Shader\07.Shader_DownSample">
      <UniqueIdentifier>{627efeb7-36e7-4ebf-a541-aed658efd6de}</UniqueIdentifier>
    </Filter>
    <Filter Include="01.Utility\03.RenderTarget\BloomTarget">
      <UniqueIdentifier>{700aa8c8-9325-4fbd-8006-d843a91cd2b8}</UniqueIdentifier>
    </Filter>
    <Filter Include="01.Utility\03.RenderTarget\DownSampleTarget">
      <UniqueIdentifier>{f8f000d3-d355-4875-9c8d-c8460ea8d964}</UniqueIdentifier>
    </Filter>
    <Filter Include="01.Utility\05.Shader\08.Shader_Blur">
      <UniqueIdentifier>{0338d26d-3ce5-4841-b6f3-d5f3cbfa9fcc}</UniqueIdentifier>
    </Filter>
    <Filter Include="01.Utility\02.SuperClass\04.Component\03.Collider">
      <UniqueIdentifier>{4295b6c0-f8a8-45b7-9b7f-04d125743512}</UniqueIdentifier>
    </Filter>
    <Filter Include="01.Utility\02.SuperClass\04.Component\03.Collider\00.BoxCollider">
      <UniqueIdentifier>{a9ae6438-5f0d-4908-b141-ae0d71f4337e}</UniqueIdentifier>
    </Filter>
    <Filter Include="01.Utility\02.SuperClass\04.Component\03.Collider\01.SphereCollider">
      <UniqueIdentifier>{7f4a2416-fbe9-4023-a64a-94ecca9aaae5}</UniqueIdentifier>
    </Filter>
    <Filter Include="01.Utility\02.SuperClass\04.Component\03.Collider\Manager">
      <UniqueIdentifier>{3d9afb9d-95dd-432d-abdf-81bd136a2585}</UniqueIdentifier>
    </Filter>
    <Filter Include="01.Utility\02.SuperClass\04.Component\02.Resource\00.Buffer\05.NaviBuffer">
      <UniqueIdentifier>{1064cd2e-fab3-427b-bc4f-10d6cd8beb3d}</UniqueIdentifier>
    </Filter>
    <Filter Include="01.Utility\05.Shader\09.Shader_Destortion">
      <UniqueIdentifier>{3a3ed828-edda-4c3b-946d-fd55d3fd77c2}</UniqueIdentifier>
    </Filter>
    <Filter Include="01.Utility\03.RenderTarget\DistortionTarget">
      <UniqueIdentifier>{41069fc3-9478-4eb4-9dd6-e6727ef361bf}</UniqueIdentifier>
    </Filter>
    <Filter Include="01.Utility\05.Shader\10.Shader_SSAO">
      <UniqueIdentifier>{84060bd0-c08b-4e52-8467-d39d5e4894bd}</UniqueIdentifier>
    </Filter>
    <Filter Include="01.Utility\03.RenderTarget\SSAOTarget">
      <UniqueIdentifier>{3602e1ed-3a79-4213-8748-6ae295443987}</UniqueIdentifier>
    </Filter>
  </ItemGroup>
  <ItemGroup>
    <ClInclude Include="..\Header\Engine_Functor.h">
      <Filter>99.Header</Filter>
    </ClInclude>
    <ClInclude Include="..\Header\Engine_Include.h">
      <Filter>99.Header</Filter>
    </ClInclude>
    <ClInclude Include="..\Header\Engine_Macro.h">
      <Filter>99.Header</Filter>
    </ClInclude>
    <ClInclude Include="..\Header\Engine_Struct.h">
      <Filter>99.Header</Filter>
    </ClInclude>
    <ClInclude Include="..\Header\Engine_Typedef.h">
      <Filter>99.Header</Filter>
    </ClInclude>
    <ClInclude Include="..\Header\Engine_Enum.h">
      <Filter>99.Header</Filter>
    </ClInclude>
    <ClInclude Include="..\Header\Engine_Function.h">
      <Filter>99.Header</Filter>
    </ClInclude>
    <ClInclude Include="..\Code\DirectInput.h">
      <Filter>00.System\04.DirectInput</Filter>
    </ClInclude>
    <ClInclude Include="..\Code\DirectSound.h">
      <Filter>00.System\05.DirectSound</Filter>
    </ClInclude>
    <ClInclude Include="..\Code\Frame.h">
      <Filter>00.System\02.Frame</Filter>
    </ClInclude>
    <ClInclude Include="..\Code\FrameMgr.h">
      <Filter>00.System\02.Frame</Filter>
    </ClInclude>
    <ClInclude Include="..\Code\Timer.h">
      <Filter>00.System\01.Timer</Filter>
    </ClInclude>
    <ClInclude Include="..\Code\TimeMgr.h">
      <Filter>00.System\01.Timer</Filter>
    </ClInclude>
    <ClInclude Include="..\Code\MathMgr.h">
      <Filter>97.Mgr\01.MathMgr</Filter>
    </ClInclude>
    <ClInclude Include="..\Code\GraphicDevice.h">
      <Filter>00.System\00.GraphicDevice</Filter>
    </ClInclude>
    <ClInclude Include="..\Code\Component.h">
      <Filter>01.Utility\02.SuperClass\04.Component</Filter>
    </ClInclude>
    <ClInclude Include="..\Code\Transform.h">
      <Filter>01.Utility\02.SuperClass\04.Component\00.Transform</Filter>
    </ClInclude>
    <ClInclude Include="..\Code\GameObject.h">
      <Filter>01.Utility\02.SuperClass\03.GameObject</Filter>
    </ClInclude>
    <ClInclude Include="..\Code\Info.h">
      <Filter>01.Utility\02.SuperClass\04.Component\01.Info</Filter>
    </ClInclude>
    <ClInclude Include="..\Code\Layer.h">
      <Filter>01.Utility\02.SuperClass\02.Layer</Filter>
    </ClInclude>
    <ClInclude Include="..\Code\ComponentMgr.h">
      <Filter>01.Utility\02.SuperClass\04.Component</Filter>
    </ClInclude>
    <ClInclude Include="..\Header\Engine_Const.h">
      <Filter>99.Header</Filter>
    </ClInclude>
    <ClInclude Include="..\Code\ObjectMgr.h">
      <Filter>01.Utility\02.SuperClass\01.ObjectMgr</Filter>
    </ClInclude>
    <ClInclude Include="..\Code\Scene.h">
      <Filter>01.Utility\02.SuperClass\00.Scene</Filter>
    </ClInclude>
    <ClInclude Include="..\Code\Management.h">
      <Filter>01.Utility\00.Management</Filter>
    </ClInclude>
    <ClInclude Include="..\Code\Renderer.h">
      <Filter>01.Utility\01.Renderer</Filter>
    </ClInclude>
    <ClInclude Include="..\Code\Camera.h">
      <Filter>01.Utility\02.SuperClass\03.GameObject\Camera</Filter>
    </ClInclude>
    <ClInclude Include="..\Code\Base.h">
      <Filter>98.SuperClass</Filter>
    </ClInclude>
    <ClInclude Include="..\Code\VIBuffer.h">
      <Filter>01.Utility\02.SuperClass\04.Component\02.Resource\00.Buffer</Filter>
    </ClInclude>
    <ClInclude Include="..\Code\RcTex.h">
      <Filter>01.Utility\02.SuperClass\04.Component\02.Resource\00.Buffer\00.RcTex</Filter>
    </ClInclude>
    <ClInclude Include="..\Code\Shader.h">
      <Filter>01.Utility\05.Shader</Filter>
    </ClInclude>
    <ClInclude Include="..\Code\Shader_ColorBuffer.h">
      <Filter>01.Utility\05.Shader\00.Shader_ColorBuffer</Filter>
    </ClInclude>
    <ClInclude Include="..\Header\Engine_Template.h">
      <Filter>99.Header</Filter>
    </ClInclude>
    <ClInclude Include="..\Code\CubeTex.h">
      <Filter>01.Utility\02.SuperClass\04.Component\02.Resource\00.Buffer\02.CubeTex</Filter>
    </ClInclude>
    <ClInclude Include="..\Code\TerrainTex.h">
      <Filter>01.Utility\02.SuperClass\04.Component\02.Resource\00.Buffer\01.TerrainTex</Filter>
    </ClInclude>
    <ClInclude Include="..\Header\Engine_Geometry.h">
      <Filter>99.Header</Filter>
    </ClInclude>
    <ClInclude Include="..\Code\Texture.h">
      <Filter>01.Utility\02.SuperClass\04.Component\02.Resource\01.Texture</Filter>
    </ClInclude>
    <ClInclude Include="..\Code\DDSTextureLoader.h">
      <Filter>01.Utility\02.SuperClass\04.Component\02.Resource\01.Texture</Filter>
    </ClInclude>
    <ClInclude Include="..\Code\Shader_Default.h">
      <Filter>01.Utility\05.Shader\01.Shader_Default\00.MeshShader</Filter>
    </ClInclude>
    <ClInclude Include="..\Code\Shader_DefaultTex.h">
      <Filter>01.Utility\05.Shader\01.Shader_Default\01.RcTexShader</Filter>
    </ClInclude>
    <ClInclude Include="..\Code\MeshComponent.h">
      <Filter>01.Utility\02.SuperClass\04.Component\02.Resource\02.Mesh\01.MeshComponent</Filter>
    </ClInclude>
    <ClInclude Include="..\Code\Mesh.h">
      <Filter>01.Utility\02.SuperClass\04.Component\02.Resource\02.Mesh\99.Mesh</Filter>
    </ClInclude>
    <ClInclude Include="..\Code\Shader_Mesh.h">
      <Filter>01.Utility\05.Shader\02.Shader_Dynamic</Filter>
    </ClInclude>
    <ClInclude Include="..\Code\AnimationControl.h">
      <Filter>01.Utility\02.SuperClass\04.Component\02.Resource\02.Mesh\00.AnimationControl</Filter>
    </ClInclude>
    <ClInclude Include="..\Code\Cell.h">
      <Filter>01.Utility\02.SuperClass\04.Component\02.Resource\02.Mesh\02.NaviMesh\00.Cell</Filter>
    </ClInclude>
    <ClInclude Include="..\Code\NaviMesh.h">
      <Filter>01.Utility\02.SuperClass\04.Component\02.Resource\02.Mesh\02.NaviMesh</Filter>
    </ClInclude>
    <ClInclude Include="..\Code\Line.h">
      <Filter>01.Utility\02.SuperClass\04.Component\02.Resource\02.Mesh\02.NaviMesh\01.Line</Filter>
    </ClInclude>
    <ClInclude Include="..\Code\VlLine.h">
      <Filter>01.Utility\02.SuperClass\04.Component\02.Resource\00.Buffer\04.Line</Filter>
    </ClInclude>
    <ClInclude Include="..\Code\Target.h">
      <Filter>01.Utility\03.RenderTarget\Target</Filter>
    </ClInclude>
    <ClInclude Include="..\Code\Light.h">
      <Filter>01.Utility\04.Light\Light</Filter>
    </ClInclude>
    <ClInclude Include="..\Code\LightMgr.h">
      <Filter>01.Utility\04.Light\Manager</Filter>
    </ClInclude>
    <ClInclude Include="..\Code\Shader_LightAcc.h">
      <Filter>01.Utility\05.Shader\03.Shader_LightAcc</Filter>
    </ClInclude>
    <ClInclude Include="..\Code\LightTarget.h">
      <Filter>01.Utility\03.RenderTarget\LightTarget</Filter>
    </ClInclude>
    <ClInclude Include="..\Code\Shader_Blend.h">
      <Filter>01.Utility\05.Shader\04.Shader_Blend</Filter>
    </ClInclude>
    <ClInclude Include="..\Code\Shader_Terrain.h">
      <Filter>01.Utility\05.Shader\05.Shader_Terrain</Filter>
    </ClInclude>
    <ClInclude Include="..\Code\Font.h">
      <Filter>00.System\03.Font</Filter>
    </ClInclude>
    <ClInclude Include="..\Code\Frustom.h">
      <Filter>01.Utility\06.Frustom</Filter>
    </ClInclude>
    <ClInclude Include="..\Code\ShadowDepthTarget.h">
      <Filter>01.Utility\03.RenderTarget\ShadowDepthTarget</Filter>
    </ClInclude>
    <ClInclude Include="..\Code\Shader_Shadow.h">
      <Filter>01.Utility\05.Shader\06.Shader_ShadowDepth</Filter>
    </ClInclude>
    <ClInclude Include="..\Code\DownSampleTarget.h">
      <Filter>01.Utility\03.RenderTarget\DownSampleTarget</Filter>
    </ClInclude>
    <ClInclude Include="..\Code\BloomTarget.h">
      <Filter>01.Utility\03.RenderTarget\BloomTarget</Filter>
    </ClInclude>
    <ClInclude Include="..\Code\Shader_DownSample.h">
      <Filter>01.Utility\05.Shader\07.Shader_DownSample</Filter>
    </ClInclude>
    <ClInclude Include="..\Code\Shader_Blur.h">
      <Filter>01.Utility\05.Shader\08.Shader_Blur</Filter>
    </ClInclude>
    <ClInclude Include="..\Code\Collider.h">
      <Filter>01.Utility\02.SuperClass\04.Component\03.Collider</Filter>
    </ClInclude>
    <ClInclude Include="..\Code\BoxCollider.h">
      <Filter>01.Utility\02.SuperClass\04.Component\03.Collider\00.BoxCollider</Filter>
    </ClInclude>
    <ClInclude Include="..\Code\ColliderMgr.h">
      <Filter>01.Utility\02.SuperClass\04.Component\03.Collider\Manager</Filter>
    </ClInclude>
    <ClInclude Include="..\Code\NaviBuffer.h">
      <Filter>01.Utility\02.SuperClass\04.Component\02.Resource\00.Buffer\05.NaviBuffer</Filter>
    </ClInclude>
    <ClInclude Include="..\Code\DistortionTarget.h">
      <Filter>01.Utility\03.RenderTarget\DistortionTarget</Filter>
    </ClInclude>
    <ClInclude Include="..\Code\Shader_Destortion.h">
      <Filter>01.Utility\05.Shader\09.Shader_Destortion</Filter>
    </ClInclude>
    <ClInclude Include="..\Code\Shader_SSAO.h">
      <Filter>01.Utility\05.Shader\10.Shader_SSAO</Filter>
    </ClInclude>
    <ClInclude Include="..\Code\SSAOTarget.h">
      <Filter>01.Utility\03.RenderTarget\SSAOTarget</Filter>
    </ClInclude>
  </ItemGroup>
  <ItemGroup>
    <ClCompile Include="..\Code\DirectInput.cpp">
      <Filter>00.System\04.DirectInput</Filter>
    </ClCompile>
    <ClCompile Include="..\Code\DirectSound.cpp">
      <Filter>00.System\05.DirectSound</Filter>
    </ClCompile>
    <ClCompile Include="..\Code\FrameMgr.cpp">
      <Filter>00.System\02.Frame</Filter>
    </ClCompile>
    <ClCompile Include="..\Code\Frame.cpp">
      <Filter>00.System\02.Frame</Filter>
    </ClCompile>
    <ClCompile Include="..\Code\Timer.cpp">
      <Filter>00.System\01.Timer</Filter>
    </ClCompile>
    <ClCompile Include="..\Code\TimeMgr.cpp">
      <Filter>00.System\01.Timer</Filter>
    </ClCompile>
    <ClCompile Include="..\Code\MathMgr.cpp">
      <Filter>97.Mgr\01.MathMgr</Filter>
    </ClCompile>
    <ClCompile Include="..\Code\GraphicDevice.cpp">
      <Filter>00.System\00.GraphicDevice</Filter>
    </ClCompile>
    <ClCompile Include="..\Code\Component.cpp">
      <Filter>01.Utility\02.SuperClass\04.Component</Filter>
    </ClCompile>
    <ClCompile Include="..\Code\Transform.cpp">
      <Filter>01.Utility\02.SuperClass\04.Component\00.Transform</Filter>
    </ClCompile>
    <ClCompile Include="..\Code\GameObject.cpp">
      <Filter>01.Utility\02.SuperClass\03.GameObject</Filter>
    </ClCompile>
    <ClCompile Include="..\Code\Info.cpp">
      <Filter>01.Utility\02.SuperClass\04.Component\01.Info</Filter>
    </ClCompile>
    <ClCompile Include="..\Code\Layer.cpp">
      <Filter>01.Utility\02.SuperClass\02.Layer</Filter>
    </ClCompile>
    <ClCompile Include="..\Code\ComponentMgr.cpp">
      <Filter>01.Utility\02.SuperClass\04.Component</Filter>
    </ClCompile>
    <ClCompile Include="..\Code\ObjectMgr.cpp">
      <Filter>01.Utility\02.SuperClass\01.ObjectMgr</Filter>
    </ClCompile>
    <ClCompile Include="..\Code\Scene.cpp">
      <Filter>01.Utility\02.SuperClass\00.Scene</Filter>
    </ClCompile>
    <ClCompile Include="..\Code\Management.cpp">
      <Filter>01.Utility\00.Management</Filter>
    </ClCompile>
    <ClCompile Include="..\Code\Renderer.cpp">
      <Filter>01.Utility\01.Renderer</Filter>
    </ClCompile>
    <ClCompile Include="..\Code\Camera.cpp">
      <Filter>01.Utility\02.SuperClass\03.GameObject\Camera</Filter>
    </ClCompile>
    <ClCompile Include="..\Code\Base.cpp">
      <Filter>98.SuperClass</Filter>
    </ClCompile>
    <ClCompile Include="..\Code\VIBuffer.cpp">
      <Filter>01.Utility\02.SuperClass\04.Component\02.Resource\00.Buffer</Filter>
    </ClCompile>
    <ClCompile Include="..\Code\RcTex.cpp">
      <Filter>01.Utility\02.SuperClass\04.Component\02.Resource\00.Buffer\00.RcTex</Filter>
    </ClCompile>
    <ClCompile Include="..\Code\Shader.cpp">
      <Filter>01.Utility\05.Shader</Filter>
    </ClCompile>
    <ClCompile Include="..\Code\Shader_ColorBuffer.cpp">
      <Filter>01.Utility\05.Shader\00.Shader_ColorBuffer</Filter>
    </ClCompile>
    <ClCompile Include="..\Code\CubeTex.cpp">
      <Filter>01.Utility\02.SuperClass\04.Component\02.Resource\00.Buffer\02.CubeTex</Filter>
    </ClCompile>
    <ClCompile Include="..\Code\TerrainTex.cpp">
      <Filter>01.Utility\02.SuperClass\04.Component\02.Resource\00.Buffer\01.TerrainTex</Filter>
    </ClCompile>
    <ClCompile Include="..\Code\Texture.cpp">
      <Filter>01.Utility\02.SuperClass\04.Component\02.Resource\01.Texture</Filter>
    </ClCompile>
    <ClCompile Include="..\Code\DDSTextureLoader.cpp">
      <Filter>01.Utility\02.SuperClass\04.Component\02.Resource\01.Texture</Filter>
    </ClCompile>
    <ClCompile Include="..\Code\Shader_Default.cpp">
      <Filter>01.Utility\05.Shader\01.Shader_Default\00.MeshShader</Filter>
    </ClCompile>
    <ClCompile Include="..\Code\Shader_DefaultTex.cpp">
      <Filter>01.Utility\05.Shader\01.Shader_Default\01.RcTexShader</Filter>
    </ClCompile>
    <ClCompile Include="..\Code\MeshComponent.cpp">
      <Filter>01.Utility\02.SuperClass\04.Component\02.Resource\02.Mesh\01.MeshComponent</Filter>
    </ClCompile>
    <ClCompile Include="..\Code\Mesh.cpp">
      <Filter>01.Utility\02.SuperClass\04.Component\02.Resource\02.Mesh\99.Mesh</Filter>
    </ClCompile>
    <ClCompile Include="..\Code\Shader_Mesh.cpp">
      <Filter>01.Utility\05.Shader\02.Shader_Dynamic</Filter>
    </ClCompile>
    <ClCompile Include="..\Code\AnimationControl.cpp">
      <Filter>01.Utility\02.SuperClass\04.Component\02.Resource\02.Mesh\00.AnimationControl</Filter>
    </ClCompile>
    <ClCompile Include="..\Code\Cell.cpp">
      <Filter>01.Utility\02.SuperClass\04.Component\02.Resource\02.Mesh\02.NaviMesh\00.Cell</Filter>
    </ClCompile>
    <ClCompile Include="..\Code\NaviMesh.cpp">
      <Filter>01.Utility\02.SuperClass\04.Component\02.Resource\02.Mesh\02.NaviMesh</Filter>
    </ClCompile>
    <ClCompile Include="..\Code\Line.cpp">
      <Filter>01.Utility\02.SuperClass\04.Component\02.Resource\02.Mesh\02.NaviMesh\01.Line</Filter>
    </ClCompile>
    <ClCompile Include="..\Code\VlLine.cpp">
      <Filter>01.Utility\02.SuperClass\04.Component\02.Resource\00.Buffer\04.Line</Filter>
    </ClCompile>
    <ClCompile Include="..\Code\Target.cpp">
      <Filter>01.Utility\03.RenderTarget\Target</Filter>
    </ClCompile>
    <ClCompile Include="..\Code\Light.cpp">
      <Filter>01.Utility\04.Light\Light</Filter>
    </ClCompile>
    <ClCompile Include="..\Code\LightMgr.cpp">
      <Filter>01.Utility\04.Light\Manager</Filter>
    </ClCompile>
    <ClCompile Include="..\Code\Shader_LightAcc.cpp">
      <Filter>01.Utility\05.Shader\03.Shader_LightAcc</Filter>
    </ClCompile>
    <ClCompile Include="..\Code\LightTarget.cpp">
      <Filter>01.Utility\03.RenderTarget\LightTarget</Filter>
    </ClCompile>
    <ClCompile Include="..\Code\Shader_Blend.cpp">
      <Filter>01.Utility\05.Shader\04.Shader_Blend</Filter>
    </ClCompile>
    <ClCompile Include="..\Code\Shader_Terrain.cpp">
      <Filter>01.Utility\05.Shader\05.Shader_Terrain</Filter>
    </ClCompile>
    <ClCompile Include="..\Code\Font.cpp">
      <Filter>00.System\03.Font</Filter>
    </ClCompile>
    <ClCompile Include="..\Code\Frustom.cpp">
      <Filter>01.Utility\06.Frustom</Filter>
    </ClCompile>
    <ClCompile Include="..\Code\ShadowDepthTarget.cpp">
      <Filter>01.Utility\03.RenderTarget\ShadowDepthTarget</Filter>
    </ClCompile>
    <ClCompile Include="..\Code\Shader_Shadow.cpp">
      <Filter>01.Utility\05.Shader\06.Shader_ShadowDepth</Filter>
    </ClCompile>
    <ClCompile Include="..\Code\DownSampleTarget.cpp">
      <Filter>01.Utility\03.RenderTarget\DownSampleTarget</Filter>
    </ClCompile>
    <ClCompile Include="..\Code\BloomTarget.cpp">
      <Filter>01.Utility\03.RenderTarget\BloomTarget</Filter>
    </ClCompile>
    <ClCompile Include="..\Code\Shader_DownSample.cpp">
      <Filter>01.Utility\05.Shader\07.Shader_DownSample</Filter>
    </ClCompile>
    <ClCompile Include="..\Code\Shader_Blur.cpp">
      <Filter>01.Utility\05.Shader\08.Shader_Blur</Filter>
    </ClCompile>
    <ClCompile Include="..\Code\Collider.cpp">
      <Filter>01.Utility\02.SuperClass\04.Component\03.Collider</Filter>
    </ClCompile>
    <ClCompile Include="..\Code\BoxCollider.cpp">
      <Filter>01.Utility\02.SuperClass\04.Component\03.Collider\00.BoxCollider</Filter>
    </ClCompile>
    <ClCompile Include="..\Code\ColliderMgr.cpp">
      <Filter>01.Utility\02.SuperClass\04.Component\03.Collider\Manager</Filter>
    </ClCompile>
    <ClCompile Include="..\Code\NaviBuffer.cpp">
      <Filter>01.Utility\02.SuperClass\04.Component\02.Resource\00.Buffer\05.NaviBuffer</Filter>
    </ClCompile>
    <ClCompile Include="..\Code\DistortionTarget.cpp">
      <Filter>01.Utility\03.RenderTarget\DistortionTarget</Filter>
    </ClCompile>
    <ClCompile Include="..\Code\Shader_Destortion.cpp">
      <Filter>01.Utility\05.Shader\09.Shader_Destortion</Filter>
    </ClCompile>
    <ClCompile Include="..\Code\Shader_SSAO.cpp">
      <Filter>01.Utility\05.Shader\10.Shader_SSAO</Filter>
    </ClCompile>
    <ClCompile Include="..\Code\SSAOTarget.cpp">
      <Filter>01.Utility\03.RenderTarget\SSAOTarget</Filter>
    </ClCompile>
  </ItemGroup>
  <ItemGroup>
    <FxCompile Include="..\..\Bin\Shader\Shader_ColorBuffer.hlsl">
      <Filter>01.Utility\05.Shader\00.Shader_ColorBuffer</Filter>
    </FxCompile>
    <FxCompile Include="..\..\Bin\Shader\Shader_Default.hlsl">
      <Filter>01.Utility\05.Shader\01.Shader_Default</Filter>
    </FxCompile>
    <FxCompile Include="..\..\Bin\Shader\Shader_Mesh.hlsl">
      <Filter>01.Utility\05.Shader\02.Shader_Dynamic</Filter>
    </FxCompile>
    <FxCompile Include="..\..\Bin\Shader\Shader_LightAcc.hlsl">
      <Filter>01.Utility\05.Shader\03.Shader_LightAcc</Filter>
    </FxCompile>
    <FxCompile Include="..\..\Bin\Shader\Shader_Blend.hlsl">
      <Filter>01.Utility\05.Shader\04.Shader_Blend</Filter>
    </FxCompile>
    <FxCompile Include="..\..\Bin\Shader\Shader_Terrain.hlsl">
      <Filter>01.Utility\05.Shader\05.Shader_Terrain</Filter>
    </FxCompile>
    <FxCompile Include="..\..\Bin\Shader\Shader_ShadowDepth.hlsl">
      <Filter>01.Utility\05.Shader\06.Shader_ShadowDepth</Filter>
    </FxCompile>
    <FxCompile Include="..\..\Bin\Shader\Shader_DownSample.hlsl">
      <Filter>01.Utility\05.Shader\07.Shader_DownSample</Filter>
    </FxCompile>
    <FxCompile Include="..\..\Bin\Shader\Shader_Blur.hlsl">
      <Filter>01.Utility\05.Shader\08.Shader_Blur</Filter>
    </FxCompile>
    <FxCompile Include="..\..\Bin\Shader\Shader_Destortion.hlsl">
      <Filter>01.Utility\05.Shader\09.Shader_Destortion</Filter>
    </FxCompile>
    <FxCompile Include="..\..\Bin\Shader\Shader_SSAO.hlsl">
      <Filter>01.Utility\05.Shader\10.Shader_SSAO</Filter>
    </FxCompile>
  </ItemGroup>
</Project>