
Microsoft Visual Studio Solution File, Format Version 12.00
# Visual Studio Version 16
VisualStudioVersion = 16.0.29728.190
MinimumVisualStudioVersion = 10.0.40219.1
Project("{8BC9CEB8-8B4A-11D0-8D11-00A0C91BC942}") = "Tool", "Tool\Tool.vcxproj", "{B5FCDEB2-1D4D-4EF4-BCA6-4DEF88CCD704}"
EndProject
Project("{2150E333-8FDC-42A3-9474-1A3956D46DE8}") = "00.Tool", "00.Tool", "{5BA19F6E-D456-4CAF-8DEE-34F0B92BED74}"
EndProject
Project("{2150E333-8FDC-42A3-9474-1A3956D46DE8}") = "01.Engine", "01.Engine", "{AB17D3C6-F0E1-4B38-B662-E53171EEA46C}"
EndProject
Project("{8BC9CEB8-8B4A-11D0-8D11-00A0C91BC942}") = "Engine", "..\Engine\Default\Engine.vcxproj", "{65AE2EA8-2D08-4BBB-94C7-5E4DEAF32EBB}"
EndProject
Project("{2150E333-8FDC-42A3-9474-1A3956D46DE8}") = "02.DirectXMasterSDK", "02.DirectXMasterSDK", "{5BEC31E9-29AB-4022-89BF-0BBC87AC3880}"
	ProjectSection(SolutionItems) = preProject
		..\DirectXMasterSDK\d3dx12.h = ..\DirectXMasterSDK\d3dx12.h
	EndProjectSection
EndProject
Global
	GlobalSection(SolutionConfigurationPlatforms) = preSolution
		Debug|x64 = Debug|x64
		Debug|x86 = Debug|x86
		Release|x64 = Release|x64
		Release|x86 = Release|x86
	EndGlobalSection
	GlobalSection(ProjectConfigurationPlatforms) = postSolution
		{B5FCDEB2-1D4D-4EF4-BCA6-4DEF88CCD704}.Debug|x64.ActiveCfg = Debug|x64
		{B5FCDEB2-1D4D-4EF4-BCA6-4DEF88CCD704}.Debug|x64.Build.0 = Debug|x64
		{B5FCDEB2-1D4D-4EF4-BCA6-4DEF88CCD704}.Debug|x86.ActiveCfg = Debug|Win32
		{B5FCDEB2-1D4D-4EF4-BCA6-4DEF88CCD704}.Debug|x86.Build.0 = Debug|Win32
		{B5FCDEB2-1D4D-4EF4-BCA6-4DEF88CCD704}.Release|x64.ActiveCfg = Release|x64
		{B5FCDEB2-1D4D-4EF4-BCA6-4DEF88CCD704}.Release|x64.Build.0 = Release|x64
		{B5FCDEB2-1D4D-4EF4-BCA6-4DEF88CCD704}.Release|x86.ActiveCfg = Release|Win32
		{B5FCDEB2-1D4D-4EF4-BCA6-4DEF88CCD704}.Release|x86.Build.0 = Release|Win32
		{65AE2EA8-2D08-4BBB-94C7-5E4DEAF32EBB}.Debug|x64.ActiveCfg = Debug|x64
		{65AE2EA8-2D08-4BBB-94C7-5E4DEAF32EBB}.Debug|x64.Build.0 = Debug|x64
		{65AE2EA8-2D08-4BBB-94C7-5E4DEAF32EBB}.Debug|x86.ActiveCfg = Debug|Win32
		{65AE2EA8-2D08-4BBB-94C7-5E4DEAF32EBB}.Debug|x86.Build.0 = Debug|Win32
		{65AE2EA8-2D08-4BBB-94C7-5E4DEAF32EBB}.Release|x64.ActiveCfg = Release|x64
		{65AE2EA8-2D08-4BBB-94C7-5E4DEAF32EBB}.Release|x64.Build.0 = Release|x64
		{65AE2EA8-2D08-4BBB-94C7-5E4DEAF32EBB}.Release|x86.ActiveCfg = Release|Win32
		{65AE2EA8-2D08-4BBB-94C7-5E4DEAF32EBB}.Release|x86.Build.0 = Release|Win32
	EndGlobalSection
	GlobalSection(SolutionProperties) = preSolution
		HideSolutionNode = FALSE
	EndGlobalSection
	GlobalSection(NestedProjects) = preSolution
		{B5FCDEB2-1D4D-4EF4-BCA6-4DEF88CCD704} = {5BA19F6E-D456-4CAF-8DEE-34F0B92BED74}
		{65AE2EA8-2D08-4BBB-94C7-5E4DEAF32EBB} = {AB17D3C6-F0E1-4B38-B662-E53171EEA46C}
	EndGlobalSection
	GlobalSection(ExtensibilityGlobals) = postSolution
		SolutionGuid = {238EB7BD-C5E2-4CCE-8F20-02AA2B916E9A}
	EndGlobalSection
EndGlobal
