<?xml version="1.0" encoding="utf-8"?>
<Project ToolsVersion="4.0" xmlns="http://schemas.microsoft.com/developer/msbuild/2003">
  <ItemGroup>
    <Filter Include="99.Default">
      <UniqueIdentifier>{5a8a4b0f-322a-4238-a339-1ce74fabee59}</UniqueIdentifier>
    </Filter>
    <Filter Include="98.Header">
      <UniqueIdentifier>{500b3138-3960-4dfe-9559-6fbcaea1b66a}</UniqueIdentifier>
    </Filter>
    <Filter Include="01.ToolView">
      <UniqueIdentifier>{f8379048-d574-4455-835f-252d9a22d747}</UniqueIdentifier>
    </Filter>
    <Filter Include="02.MainFrm">
      <UniqueIdentifier>{0c9acd07-0859-4de6-9608-f8562918f613}</UniqueIdentifier>
    </Filter>
    <Filter Include="02.MainFrm\00.ToolDoc">
      <UniqueIdentifier>{9c990696-b38f-401e-b565-717ff0dd0c3b}</UniqueIdentifier>
    </Filter>
    <Filter Include="00.ToolApp">
      <UniqueIdentifier>{0669c778-0fee-4b43-8991-a1fca6b2f2c6}</UniqueIdentifier>
    </Filter>
    <Filter Include="03.Main">
      <UniqueIdentifier>{98e0837d-328b-420a-b7de-2b067f83adcb}</UniqueIdentifier>
    </Filter>
    <Filter Include="04.Tab">
      <UniqueIdentifier>{c094409f-7f4c-46aa-8901-03b00b645d5b}</UniqueIdentifier>
    </Filter>
    <Filter Include="04.Tab\00.MapTool">
      <UniqueIdentifier>{4fd26e32-655c-4c51-bf90-0bccf2e6446a}</UniqueIdentifier>
    </Filter>
    <Filter Include="05.GameObject">
      <UniqueIdentifier>{5455bdc9-1146-476c-98f7-62cca0e0b79a}</UniqueIdentifier>
    </Filter>
    <Filter Include="05.GameObject\00.Terrain">
      <UniqueIdentifier>{c157514e-9aff-45f9-a2a7-7b436a972a04}</UniqueIdentifier>
    </Filter>
    <Filter Include="06.Manager">
      <UniqueIdentifier>{29bd5270-d021-4c6f-9177-9bfdcdc61503}</UniqueIdentifier>
    </Filter>
    <Filter Include="06.Manager\00.ObjectMgr">
      <UniqueIdentifier>{094900c0-5b25-4938-8852-f3475c8c4e15}</UniqueIdentifier>
    </Filter>
    <Filter Include="05.GameObject\99.ToolCamera">
      <UniqueIdentifier>{8a49024f-b11f-4f51-a45e-bcae65da3c30}</UniqueIdentifier>
    </Filter>
    <Filter Include="05.GameObject\01.StaticObject">
      <UniqueIdentifier>{8ddb5f9f-3367-4ea0-8ec1-1b086585e63c}</UniqueIdentifier>
    </Filter>
    <Filter Include="06.Manager\01.PickingMgr">
      <UniqueIdentifier>{eba54a10-d39c-4e9d-a683-6463de56b30a}</UniqueIdentifier>
    </Filter>
    <Filter Include="06.Manager\02.CursorMgr">
      <UniqueIdentifier>{335611b7-58ad-46e3-92ae-ffbf1b3e65a6}</UniqueIdentifier>
    </Filter>
    <Filter Include="04.Tab\01.NaviTool">
      <UniqueIdentifier>{ba62ef1f-2740-4e7a-b1b3-4a2478973a4c}</UniqueIdentifier>
    </Filter>
    <Filter Include="05.GameObject\03.ToolCell">
      <UniqueIdentifier>{a1de2da1-f017-4a27-818d-c428d2091578}</UniqueIdentifier>
    </Filter>
    <Filter Include="05.GameObject\02.ToolPoint">
      <UniqueIdentifier>{e331643d-c528-47af-afb2-6977f664cca4}</UniqueIdentifier>
    </Filter>
    <Filter Include="04.Tab\02.CameraTool">
      <UniqueIdentifier>{1d574ca3-435b-489e-b1c8-86431391d466}</UniqueIdentifier>
    </Filter>
  </ItemGroup>
  <ItemGroup>
    <ClInclude Include="MainFrm.h">
      <Filter>02.MainFrm</Filter>
    </ClInclude>
    <ClInclude Include="targetver.h">
      <Filter>99.Default</Filter>
    </ClInclude>
    <ClInclude Include="Resource.h">
      <Filter>99.Default</Filter>
    </ClInclude>
    <ClInclude Include="ToolDoc.h">
      <Filter>02.MainFrm\00.ToolDoc</Filter>
    </ClInclude>
    <ClInclude Include="ToolView.h">
      <Filter>01.ToolView</Filter>
    </ClInclude>
    <ClInclude Include="Tool.h">
      <Filter>00.ToolApp</Filter>
    </ClInclude>
    <ClInclude Include="framework.h">
      <Filter>98.Header</Filter>
    </ClInclude>
    <ClInclude Include="pch.h">
      <Filter>99.Default</Filter>
    </ClInclude>
    <ClInclude Include="..\Headers\Defines.h">
      <Filter>98.Header</Filter>
    </ClInclude>
    <ClInclude Include="..\Headers\Enum.h">
      <Filter>98.Header</Filter>
    </ClInclude>
    <ClInclude Include="..\Headers\Function.h">
      <Filter>98.Header</Filter>
    </ClInclude>
    <ClInclude Include="..\Headers\Macro.h">
      <Filter>98.Header</Filter>
    </ClInclude>
    <ClInclude Include="..\Headers\Typedef.h">
      <Filter>98.Header</Filter>
    </ClInclude>
    <ClInclude Include="Myform.h">
      <Filter>03.Main</Filter>
    </ClInclude>
    <ClInclude Include="MapTab.h">
      <Filter>04.Tab\00.MapTool</Filter>
    </ClInclude>
    <ClInclude Include="Terrain.h">
      <Filter>05.GameObject\00.Terrain</Filter>
    </ClInclude>
    <ClInclude Include="ObjMgr.h">
      <Filter>06.Manager\00.ObjectMgr</Filter>
    </ClInclude>
    <ClInclude Include="ToolCamera.h">
      <Filter>05.GameObject\99.ToolCamera</Filter>
    </ClInclude>
    <ClInclude Include="StaticObject.h">
      <Filter>05.GameObject\01.StaticObject</Filter>
    </ClInclude>
    <ClInclude Include="PickingMgr.h">
      <Filter>06.Manager\01.PickingMgr</Filter>
    </ClInclude>
    <ClInclude Include="CursorMgr.h">
      <Filter>06.Manager\02.CursorMgr</Filter>
    </ClInclude>
    <ClInclude Include="NaviTab.h">
      <Filter>04.Tab\01.NaviTool</Filter>
    </ClInclude>
    <ClInclude Include="ToolCell.h">
      <Filter>05.GameObject\03.ToolCell</Filter>
    </ClInclude>
    <ClInclude Include="ToolPoint.h">
      <Filter>05.GameObject\02.ToolPoint</Filter>
    </ClInclude>
    <ClInclude Include="CameraSort.h">
      <Filter>04.Tab\02.CameraTool</Filter>
    </ClInclude>
    <ClInclude Include="ActionCamera.h">
      <Filter>04.Tab\02.CameraTool</Filter>
    </ClInclude>
    <ClInclude Include="CCameraTab.h">
      <Filter>04.Tab\02.CameraTool</Filter>
    </ClInclude>
  </ItemGroup>
  <ItemGroup>
    <ClCompile Include="MainFrm.cpp">
      <Filter>02.MainFrm</Filter>
    </ClCompile>
    <ClCompile Include="ToolDoc.cpp">
      <Filter>02.MainFrm\00.ToolDoc</Filter>
    </ClCompile>
    <ClCompile Include="ToolView.cpp">
      <Filter>01.ToolView</Filter>
    </ClCompile>
    <ClCompile Include="Tool.cpp">
      <Filter>00.ToolApp</Filter>
    </ClCompile>
    <ClCompile Include="pch.cpp">
      <Filter>99.Default</Filter>
    </ClCompile>
    <ClCompile Include="Myform.cpp">
      <Filter>03.Main</Filter>
    </ClCompile>
    <ClCompile Include="MapTab.cpp">
      <Filter>04.Tab\00.MapTool</Filter>
    </ClCompile>
    <ClCompile Include="Terrain.cpp">
      <Filter>05.GameObject\00.Terrain</Filter>
    </ClCompile>
    <ClCompile Include="ObjMgr.cpp">
      <Filter>06.Manager\00.ObjectMgr</Filter>
    </ClCompile>
    <ClCompile Include="ToolCamera.cpp">
      <Filter>05.GameObject\99.ToolCamera</Filter>
    </ClCompile>
    <ClCompile Include="StaticObject.cpp">
      <Filter>05.GameObject\01.StaticObject</Filter>
    </ClCompile>
    <ClCompile Include="PickingMgr.cpp">
      <Filter>06.Manager\01.PickingMgr</Filter>
    </ClCompile>
    <ClCompile Include="CursorMgr.cpp">
      <Filter>06.Manager\02.CursorMgr</Filter>
    </ClCompile>
    <ClCompile Include="NaviTab.cpp">
      <Filter>04.Tab\01.NaviTool</Filter>
    </ClCompile>
    <ClCompile Include="ToolCell.cpp">
      <Filter>05.GameObject\03.ToolCell</Filter>
    </ClCompile>
    <ClCompile Include="ToolPoint.cpp">
      <Filter>05.GameObject\02.ToolPoint</Filter>
    </ClCompile>
    <ClCompile Include="CameraSort.cpp">
      <Filter>04.Tab\02.CameraTool</Filter>
    </ClCompile>
    <ClCompile Include="ActionCamera.cpp">
      <Filter>04.Tab\02.CameraTool</Filter>
    </ClCompile>
    <ClCompile Include="CCameraTab.cpp">
      <Filter>04.Tab\02.CameraTool</Filter>
    </ClCompile>
  </ItemGroup>
  <ItemGroup>
    <Image Include="res\Tool.ico">
      <Filter>99.Default</Filter>
    </Image>
    <Image Include="res\Toolbar.bmp">
      <Filter>99.Default</Filter>
    </Image>
    <Image Include="res\ToolDoc.ico">
      <Filter>99.Default</Filter>
    </Image>
  </ItemGroup>
  <ItemGroup>
    <ResourceCompile Include="Tool.rc">
      <Filter>99.Default</Filter>
    </ResourceCompile>
  </ItemGroup>
  <ItemGroup>
    <None Include="res\Tool.rc2">
      <Filter>99.Default</Filter>
    </None>
  </ItemGroup>
</Project>